
Microsoft Visual Studio Solution File, Format Version 12.00
# Visual Studio 15
Project("{FAE04EC0-301F-11D3-BF4B-00C04F79EFBC}") = "Assembly-CSharp-Editor", "Assembly-CSharp-Editor.csproj", "{BDB43F94-9EA1-5438-ECCF-A115B3E2FEC3}"
EndProject
Project("{FAE04EC0-301F-11D3-BF4B-00C04F79EFBC}") = "Assembly-CSharp", "Assembly-CSharp.csproj", "{7443E17B-135B-CB05-E0E0-22912EBC2140}"
EndProject
Global
	GlobalSection(SolutionConfigurationPlatforms) = preSolution
		Debug|Any CPU = Debug|Any CPU
		Release|Any CPU = Release|Any CPU
	EndGlobalSection
	GlobalSection(ProjectConfigurationPlatforms) = postSolution
		{BDB43F94-9EA1-5438-ECCF-A115B3E2FEC3}.Debug|Any CPU.ActiveCfg = Debug|Any CPU
		{BDB43F94-9EA1-5438-ECCF-A115B3E2FEC3}.Debug|Any CPU.Build.0 = Debug|Any CPU
		{BDB43F94-9EA1-5438-ECCF-A115B3E2FEC3}.Release|Any CPU.ActiveCfg = Release|Any CPU
		{BDB43F94-9EA1-5438-ECCF-A115B3E2FEC3}.Release|Any CPU.Build.0 = Release|Any CPU
		{7443E17B-135B-CB05-E0E0-22912EBC2140}.Debug|Any CPU.ActiveCfg = Debug|Any CPU
		{7443E17B-135B-CB05-E0E0-22912EBC2140}.Debug|Any CPU.Build.0 = Debug|Any CPU
		{7443E17B-135B-CB05-E0E0-22912EBC2140}.Release|Any CPU.ActiveCfg = Release|Any CPU
		{7443E17B-135B-CB05-E0E0-22912EBC2140}.Release|Any CPU.Build.0 = Release|Any CPU
	EndGlobalSection
	GlobalSection(SolutionProperties) = preSolution
		HideSolutionNode = FALSE
	EndGlobalSection
EndGlobal
